{
  "nodes": {
    "nixpkgs": {
      "locked": {
        "lastModified": 1765183668,
        "narHash": "sha256-TBA7CE44IHYfvOPBWcyLncpVrrKEiXWPdOrF8CD6W84=",
        "owner": "NixOS",
        "repo": "nixpkgs",
        "rev": "fc2de1563f89f0843eba27f14576d261df0e3b80",
        "type": "github"
      },
      "original": {
        "owner": "NixOS",
        "ref": "nixos-unstable-small",
        "repo": "nixpkgs",
        "type": "github"
      }
    },
    "root": {
      "inputs": {
        "nixpkgs": "nixpkgs"
      }
    }
  },
  "root": "root",
  "version": 7
}
